{
  "name": "nachos-ui",
  "version": "0.1.2",
  "lockfileVersion": 1,
  "requires": true,
  "dependencies": {
    "@storybook/addon-info": {
      "version": "3.4.4",
      "resolved": "https://registry.npmjs.org/@storybook/addon-info/-/addon-info-3.4.4.tgz",
      "integrity": "sha512-+L1gN3fiy6Qcdr7hiOotx63P2RRr9NxcMTKmt1AgTfg+BY4Ku8C3MiAtJcLsoSZDViim+/nM6jcuTGRvQQqwBg==",
      "dev": true,
      "requires": {
        "@storybook/client-logger": "3.4.4",
        "@storybook/components": "3.4.4",
        "babel-runtime": "6.26.0",
        "glamor": "2.20.40",
        "glamorous": "4.13.0",
        "global": "4.3.2",
        "marksy": "6.0.3",
        "nested-object-assign": "1.0.2",
        "prop-types": "15.6.1",
        "react-addons-create-fragment": "15.6.2",
        "util-deprecate": "1.0.2"
      },
      "dependencies": {
        "prop-types": {
          "version": "15.6.1",
          "resolved": "https://registry.npmjs.org/prop-types/-/prop-types-15.6.1.tgz",
          "integrity": "sha512-4ec7bY1Y66LymSUOH/zARVYObB23AT2h8cf6e/O6ZALB/N0sqZFEx7rq6EYPX2MkOdKORuooI/H5k9TlR4q7kQ==",
          "dev": true,
          "requires": {
            "fbjs": "0.8.16",
            "loose-envify": "1.3.1",
            "object-assign": "4.1.1"
          }
        }
      }
    },
    "@storybook/client-logger": {
      "version": "3.4.4",
      "resolved": "https://registry.npmjs.org/@storybook/client-logger/-/client-logger-3.4.4.tgz",
      "integrity": "sha512-d/mtV4yetR1iUaMx6Ry1X6NhpZmcF7XaScv44Ve5BN7385zyKZibfy00P12ziYt2wwzQqWmt1wMQ71nI2dBv3Q==",
      "dev": true
    },
    "@storybook/components": {
      "version": "3.4.4",
      "resolved": "https://registry.npmjs.org/@storybook/components/-/components-3.4.4.tgz",
      "integrity": "sha512-6ZqreL326Ei6ZsOVfYupkmgRbPYUVr7P9m4x8RpSwOZu7ZFi1doncJGIShcbC60/Kc6YzPY9/AXVZKjoII/igA==",
      "dev": true,
      "requires": {
        "glamor": "2.20.40",
        "glamorous": "4.13.0",
        "prop-types": "15.6.1"
      },
      "dependencies": {
        "prop-types": {
          "version": "15.6.1",
          "resolved": "https://registry.npmjs.org/prop-types/-/prop-types-15.6.1.tgz",
          "integrity": "sha512-4ec7bY1Y66LymSUOH/zARVYObB23AT2h8cf6e/O6ZALB/N0sqZFEx7rq6EYPX2MkOdKORuooI/H5k9TlR4q7kQ==",
          "dev": true,
          "requires": {
            "fbjs": "0.8.16",
            "loose-envify": "1.3.1",
            "object-assign": "4.1.1"
          }
        }
      }
    },
    "asap": {
      "version": "2.0.6",
      "resolved": "https://registry.npmjs.org/asap/-/asap-2.0.6.tgz",
      "integrity": "sha1-5QNHYR1+aQlDIIu9r+vLwvuGbUY=",
      "dev": true
    },
    "babel-runtime": {
      "version": "6.26.0",
      "resolved": "https://registry.npmjs.org/babel-runtime/-/babel-runtime-6.26.0.tgz",
      "integrity": "sha1-llxwWGaOgrVde/4E/yM3vItWR/4=",
      "dev": true,
      "requires": {
        "core-js": "2.5.6",
        "regenerator-runtime": "0.11.1"
      },
      "dependencies": {
        "core-js": {
          "version": "2.5.6",
          "resolved": "https://registry.npmjs.org/core-js/-/core-js-2.5.6.tgz",
          "integrity": "sha512-lQUVfQi0aLix2xpyjrrJEvfuYCqPc/HwmTKsC/VNf8q0zsjX7SQZtp4+oRONN5Tsur9GDETPjj+Ub2iDiGZfSQ==",
          "dev": true
        }
      }
    },
    "babel-standalone": {
      "version": "6.26.0",
      "resolved": "https://registry.npmjs.org/babel-standalone/-/babel-standalone-6.26.0.tgz",
      "integrity": "sha1-Ffs9NfLEVmlYFevx7Zb+fwFbaIY=",
      "dev": true
    },
    "bowser": {
      "version": "1.9.3",
      "resolved": "https://registry.npmjs.org/bowser/-/bowser-1.9.3.tgz",
      "integrity": "sha512-/gp96UlcFw5DbV2KQPCqTqi0Mb9gZRyDAHiDsGEH+4B/KOQjeoE5lM1PxlVX8DQDvfEfitmC1rW2Oy8fk/XBDg==",
      "dev": true
    },
    "brcast": {
      "version": "3.0.1",
      "resolved": "https://registry.npmjs.org/brcast/-/brcast-3.0.1.tgz",
      "integrity": "sha512-eI3yqf9YEqyGl9PCNTR46MGvDylGtaHjalcz6Q3fAPnP/PhpKkkve52vFdfGpwp4VUvK6LUr4TQN+2stCrEwTg==",
      "dev": true
    },
    "core-js": {
      "version": "1.2.7",
      "resolved": "https://registry.npmjs.org/core-js/-/core-js-1.2.7.tgz",
      "integrity": "sha1-ZSKUwUZR2yj6k70tX/KYOk8IxjY=",
      "dev": true
    },
    "css-in-js-utils": {
      "version": "2.0.1",
      "resolved": "https://registry.npmjs.org/css-in-js-utils/-/css-in-js-utils-2.0.1.tgz",
      "integrity": "sha512-PJF0SpJT+WdbVVt0AOYp9C8GnuruRlL/UFW7932nLWmFLQTaWEzTBQEx7/hn4BuV+WON75iAViSUJLiU3PKbpA==",
      "dev": true,
      "requires": {
        "hyphenate-style-name": "1.0.2",
        "isobject": "3.0.1"
      }
    },
    "csstype": {
      "version": "2.5.1",
      "resolved": "https://registry.npmjs.org/csstype/-/csstype-2.5.1.tgz",
      "integrity": "sha512-qfG5lXkiUKz3kAuABSlpRxL9QL/U8ViJiXC6hvk/7tEJaCj7a2ZOW2kVtSFGpETOfQR7MicXjf/q1bmO1iShiA==",
      "dev": true
    },
    "dom-walk": {
      "version": "0.1.1",
      "resolved": "https://registry.npmjs.org/dom-walk/-/dom-walk-0.1.1.tgz",
      "integrity": "sha1-ZyIm3HTI95mtNTB9+TaroRrNYBg=",
      "dev": true
    },
    "encoding": {
      "version": "0.1.12",
      "resolved": "https://registry.npmjs.org/encoding/-/encoding-0.1.12.tgz",
      "integrity": "sha1-U4tm8+5izRq1HsMjgp0flIDHS+s=",
      "dev": true,
      "requires": {
        "iconv-lite": "0.4.23"
      }
    },
    "fast-memoize": {
      "version": "2.3.2",
      "resolved": "https://registry.npmjs.org/fast-memoize/-/fast-memoize-2.3.2.tgz",
      "integrity": "sha512-h2avnhux4p3tXTA9xR7ntnQSFQdY4hAkyNj8wDXlVT2Die38JxVCInnrieuktdxzRevRWa3dBjN+SbQe1os0GQ==",
      "dev": true
    },
    "fbjs": {
      "version": "0.8.16",
      "resolved": "https://registry.npmjs.org/fbjs/-/fbjs-0.8.16.tgz",
      "integrity": "sha1-XmdDL1UNxBtXK/VYR7ispk5TN9s=",
      "dev": true,
      "requires": {
        "core-js": "1.2.7",
        "isomorphic-fetch": "2.2.1",
        "loose-envify": "1.3.1",
        "object-assign": "4.1.1",
        "promise": "7.3.1",
        "setimmediate": "1.0.5",
        "ua-parser-js": "0.7.18"
      }
    },
    "glamor": {
      "version": "2.20.40",
      "resolved": "https://registry.npmjs.org/glamor/-/glamor-2.20.40.tgz",
      "integrity": "sha512-DNXCd+c14N9QF8aAKrfl4xakPk5FdcFwmH7sD0qnC0Pr7xoZ5W9yovhUrY/dJc3psfGGXC58vqQyRtuskyUJxA==",
      "dev": true,
      "requires": {
        "fbjs": "0.8.16",
        "inline-style-prefixer": "3.0.8",
        "object-assign": "4.1.1",
        "prop-types": "15.6.1",
        "through": "2.3.8"
      },
      "dependencies": {
        "prop-types": {
          "version": "15.6.1",
          "resolved": "https://registry.npmjs.org/prop-types/-/prop-types-15.6.1.tgz",
          "integrity": "sha512-4ec7bY1Y66LymSUOH/zARVYObB23AT2h8cf6e/O6ZALB/N0sqZFEx7rq6EYPX2MkOdKORuooI/H5k9TlR4q7kQ==",
          "dev": true,
          "requires": {
            "fbjs": "0.8.16",
            "loose-envify": "1.3.1",
            "object-assign": "4.1.1"
          }
        }
      }
    },
    "glamorous": {
      "version": "4.13.0",
      "resolved": "https://registry.npmjs.org/glamorous/-/glamorous-4.13.0.tgz",
      "integrity": "sha512-lJ+ET2Cz5+ZIsxrFNruN7Ye30PSe+jSN8jbma2+AAmNoJZOozqtjfjB5EVi16J9G3CjjXQtENsv4shwR1YYtaQ==",
      "dev": true,
      "requires": {
        "brcast": "3.0.1",
        "csstype": "2.5.1",
        "fast-memoize": "2.3.2",
        "html-tag-names": "1.1.3",
        "is-function": "1.0.1",
        "is-plain-object": "2.0.4",
        "react-html-attributes": "1.4.2",
        "svg-tag-names": "1.1.1"
      }
    },
    "global": {
      "version": "4.3.2",
      "resolved": "https://registry.npmjs.org/global/-/global-4.3.2.tgz",
      "integrity": "sha1-52mJJopsdMOJCLEwWxD8DjlOnQ8=",
      "dev": true,
      "requires": {
        "min-document": "2.19.0",
        "process": "0.5.2"
      }
    },
    "he": {
      "version": "1.1.1",
      "resolved": "https://registry.npmjs.org/he/-/he-1.1.1.tgz",
      "integrity": "sha1-k0EP0hsAlzUVH4howvJx80J+I/0=",
      "dev": true
    },
    "html-element-attributes": {
      "version": "1.3.1",
      "resolved": "https://registry.npmjs.org/html-element-attributes/-/html-element-attributes-1.3.1.tgz",
      "integrity": "sha512-UrRKgp5sQmRnDy4TEwAUsu14XBUlzKB8U3hjIYDjcZ3Hbp86Jtftzxfgrv6E/ii/h78tsaZwAnAE8HwnHr0dPA==",
      "dev": true
    },
    "html-tag-names": {
      "version": "1.1.3",
      "resolved": "https://registry.npmjs.org/html-tag-names/-/html-tag-names-1.1.3.tgz",
      "integrity": "sha512-kY/ck6Q0lGLxGocn86BM8Q4vCTUCY78VN43h0uMGeZ8p9LU3XdSNQR4Rs3JEjrKZSS5iXI1YgzY0g8U1AFDQzA==",
      "dev": true
    },
    "hyphenate-style-name": {
      "version": "1.0.2",
      "resolved": "https://registry.npmjs.org/hyphenate-style-name/-/hyphenate-style-name-1.0.2.tgz",
      "integrity": "sha1-MRYKNpMK2vH8BMYHT360FGXU7Es=",
      "dev": true
    },
    "iconv-lite": {
      "version": "0.4.23",
      "resolved": "https://registry.npmjs.org/iconv-lite/-/iconv-lite-0.4.23.tgz",
      "integrity": "sha512-neyTUVFtahjf0mB3dZT77u+8O0QB89jFdnBkd5P1JgYPbPaia3gXXOVL2fq8VyU2gMMD7SaN7QukTB/pmXYvDA==",
      "dev": true,
      "requires": {
        "safer-buffer": "2.1.2"
      }
    },
    "inline-style-prefixer": {
      "version": "3.0.8",
      "resolved": "https://registry.npmjs.org/inline-style-prefixer/-/inline-style-prefixer-3.0.8.tgz",
      "integrity": "sha1-hVG45bTVcyROZqNLBPfTIHaitTQ=",
      "dev": true,
      "requires": {
        "bowser": "1.9.3",
        "css-in-js-utils": "2.0.1"
      }
    },
    "is-function": {
      "version": "1.0.1",
      "resolved": "https://registry.npmjs.org/is-function/-/is-function-1.0.1.tgz",
      "integrity": "sha1-Es+5i2W1fdPRk6MSH19uL0N2ArU=",
      "dev": true
    },
    "is-plain-object": {
      "version": "2.0.4",
      "resolved": "https://registry.npmjs.org/is-plain-object/-/is-plain-object-2.0.4.tgz",
      "integrity": "sha512-h5PpgXkWitc38BBMYawTYMWJHFZJVnBquFE57xFpjB8pJFiF6gZ+bU+WyI/yqXiFR5mdLsgYNaPe8uao6Uv9Og==",
      "dev": true,
      "requires": {
        "isobject": "3.0.1"
      }
    },
    "is-stream": {
      "version": "1.1.0",
      "resolved": "https://registry.npmjs.org/is-stream/-/is-stream-1.1.0.tgz",
      "integrity": "sha1-EtSj3U5o4Lec6428hBc66A2RykQ=",
      "dev": true
    },
    "isobject": {
      "version": "3.0.1",
      "resolved": "https://registry.npmjs.org/isobject/-/isobject-3.0.1.tgz",
      "integrity": "sha1-TkMekrEalzFjaqH5yNHMvP2reN8=",
      "dev": true
    },
    "isomorphic-fetch": {
      "version": "2.2.1",
      "resolved": "https://registry.npmjs.org/isomorphic-fetch/-/isomorphic-fetch-2.2.1.tgz",
      "integrity": "sha1-YRrhrPFPXoH3KVB0coGf6XM1WKk=",
      "dev": true,
      "requires": {
        "node-fetch": "1.7.3",
        "whatwg-fetch": "2.0.4"
      }
    },
    "js-tokens": {
      "version": "3.0.2",
      "resolved": "https://registry.npmjs.org/js-tokens/-/js-tokens-3.0.2.tgz",
      "integrity": "sha1-mGbfOVECEw449/mWvOtlRDIJwls=",
      "dev": true
    },
    "loose-envify": {
      "version": "1.3.1",
      "resolved": "https://registry.npmjs.org/loose-envify/-/loose-envify-1.3.1.tgz",
      "integrity": "sha1-0aitM/qc4OcT1l/dCsi3SNR4yEg=",
      "dev": true,
      "requires": {
        "js-tokens": "3.0.2"
      }
    },
    "marked": {
      "version": "0.3.19",
      "resolved": "https://registry.npmjs.org/marked/-/marked-0.3.19.tgz",
      "integrity": "sha512-ea2eGWOqNxPcXv8dyERdSr/6FmzvWwzjMxpfGB/sbMccXoct+xY+YukPD+QTUZwyvK7BZwcr4m21WBOW41pAkg==",
      "dev": true
    },
    "marksy": {
      "version": "6.0.3",
      "resolved": "https://registry.npmjs.org/marksy/-/marksy-6.0.3.tgz",
      "integrity": "sha512-k9r4HIpKlreInh6IVDGxhRs0veCr6WfLwP6lr2HXG8so+N6m6rfFKSpik9ZbvnTfKvdPhehwBWT5W+Fli29Ebg==",
      "dev": true,
      "requires": {
        "babel-standalone": "6.26.0",
        "he": "1.1.1",
        "marked": "0.3.19"
      }
    },
    "min-document": {
      "version": "2.19.0",
      "resolved": "https://registry.npmjs.org/min-document/-/min-document-2.19.0.tgz",
      "integrity": "sha1-e9KC4/WELtKVu3SM3Z8f+iyCRoU=",
      "dev": true,
      "requires": {
        "dom-walk": "0.1.1"
      }
    },
    "nested-object-assign": {
      "version": "1.0.2",
      "resolved": "https://registry.npmjs.org/nested-object-assign/-/nested-object-assign-1.0.2.tgz",
      "integrity": "sha512-Ma9vkvU+v0/dPUMNQxu/6Ah2PoU+x52mxkn4FKhofJrzYocSds5eSpgMEdGSjM4IEqkHUqGugioI/+mgq9eBfw==",
      "dev": true
    },
    "node-fetch": {
      "version": "1.7.3",
      "resolved": "https://registry.npmjs.org/node-fetch/-/node-fetch-1.7.3.tgz",
      "integrity": "sha512-NhZ4CsKx7cYm2vSrBAr2PvFOe6sWDf0UYLRqA6svUYg7+/TSfVAu49jYC4BvQ4Sms9SZgdqGBgroqfDhJdTyKQ==",
      "dev": true,
      "requires": {
        "encoding": "0.1.12",
        "is-stream": "1.1.0"
      }
    },
    "object-assign": {
      "version": "4.1.1",
      "resolved": "https://registry.npmjs.org/object-assign/-/object-assign-4.1.1.tgz",
      "integrity": "sha1-IQmtx5ZYh8/AXLvUQsrIv7s2CGM=",
      "dev": true
    },
    "process": {
      "version": "0.5.2",
      "resolved": "https://registry.npmjs.org/process/-/process-0.5.2.tgz",
      "integrity": "sha1-FjjYqONML0QKkduVq5rrZ3/Bhc8=",
      "dev": true
    },
    "promise": {
      "version": "7.3.1",
      "resolved": "https://registry.npmjs.org/promise/-/promise-7.3.1.tgz",
      "integrity": "sha512-nolQXZ/4L+bP/UGlkfaIujX9BKxGwmQ9OT4mOt5yvy8iK1h3wqTEJCijzGANTCCl9nWjY41juyAn2K3Q1hLLTg==",
      "dev": true,
      "requires": {
        "asap": "2.0.6"
      }
    },
    "react-addons-create-fragment": {
      "version": "15.6.2",
      "resolved": "https://registry.npmjs.org/react-addons-create-fragment/-/react-addons-create-fragment-15.6.2.tgz",
      "integrity": "sha1-o5TefCx77Na1R1uhuXrEcs58dPg=",
      "dev": true,
      "requires": {
        "fbjs": "0.8.16",
        "loose-envify": "1.3.1",
        "object-assign": "4.1.1"
      }
    },
    "react-html-attributes": {
      "version": "1.4.2",
      "resolved": "https://registry.npmjs.org/react-html-attributes/-/react-html-attributes-1.4.2.tgz",
      "integrity": "sha1-DSzPE0/Hmy01Q4N9wVkdMre5A/k=",
      "dev": true,
      "requires": {
        "html-element-attributes": "1.3.1"
      }
    },
    "regenerator-runtime": {
      "version": "0.11.1",
      "resolved": "https://registry.npmjs.org/regenerator-runtime/-/regenerator-runtime-0.11.1.tgz",
      "integrity": "sha512-MguG95oij0fC3QV3URf4V2SDYGJhJnJGqvIIgdECeODCT98wSWDAJ94SSuVpYQUoTcGUIL6L4yNB7j1DFFHSBg==",
      "dev": true
    },
    "safer-buffer": {
      "version": "2.1.2",
      "resolved": "https://registry.npmjs.org/safer-buffer/-/safer-buffer-2.1.2.tgz",
      "integrity": "sha512-YZo3K82SD7Riyi0E1EQPojLz7kpepnSQI9IyPbHHg1XXXevb5dJI7tpyN2ADxGcQbHG7vcyRHk0cbwqcQriUtg==",
      "dev": true
    },
    "setimmediate": {
      "version": "1.0.5",
      "resolved": "https://registry.npmjs.org/setimmediate/-/setimmediate-1.0.5.tgz",
      "integrity": "sha1-KQy7Iy4waULX1+qbg3Mqt4VvgoU=",
      "dev": true
    },
    "svg-tag-names": {
      "version": "1.1.1",
      "resolved": "https://registry.npmjs.org/svg-tag-names/-/svg-tag-names-1.1.1.tgz",
      "integrity": "sha1-lkGynvcQJe4JTHBD983efZn71Qo=",
      "dev": true
    },
    "through": {
      "version": "2.3.8",
      "resolved": "https://registry.npmjs.org/through/-/through-2.3.8.tgz",
      "integrity": "sha1-DdTJ/6q8NXlgsbckEV1+Doai4fU=",
      "dev": true
    },
    "ua-parser-js": {
      "version": "0.7.18",
      "resolved": "https://registry.npmjs.org/ua-parser-js/-/ua-parser-js-0.7.18.tgz",
      "integrity": "sha512-LtzwHlVHwFGTptfNSgezHp7WUlwiqb0gA9AALRbKaERfxwJoiX0A73QbTToxteIAuIaFshhgIZfqK8s7clqgnA==",
      "dev": true
    },
    "util-deprecate": {
      "version": "1.0.2",
      "resolved": "https://registry.npmjs.org/util-deprecate/-/util-deprecate-1.0.2.tgz",
      "integrity": "sha1-RQ1Nyfpw3nMnYvvS1KKJgUGaDM8=",
      "dev": true
    },
    "whatwg-fetch": {
      "version": "2.0.4",
      "resolved": "https://registry.npmjs.org/whatwg-fetch/-/whatwg-fetch-2.0.4.tgz",
      "integrity": "sha512-dcQ1GWpOD/eEQ97k66aiEVpNnapVj90/+R+SXTPYGHpYBBypfKJEQjLrvMZ7YXbKm21gXd4NcuxUTjiv1YtLng==",
      "dev": true
    }
  }
}
